
Microsoft Visual Studio Solution File, Format Version 12.00
# Visual Studio Version 17
VisualStudioVersion = 17.0.31903.59
MinimumVisualStudioVersion = 10.0.40219.1
Project("{FAE04EC0-301F-11D3-BF4B-00C04F79EFBC}") = "minimal-api", "Api\minimal-api.csproj", "{C3F33B87-53F8-4147-9310-D49D2410A5F9}"
EndProject
Project("{FAE04EC0-301F-11D3-BF4B-00C04F79EFBC}") = "Test", "Test\Test.csproj", "{7FDDF3A4-A4E1-4FBF-B72B-3E0DE253F595}"
EndProject
Global
	GlobalSection(SolutionConfigurationPlatforms) = preSolution
		Debug|Any CPU = Debug|Any CPU
		Release|Any CPU = Release|Any CPU
	EndGlobalSection
	GlobalSection(SolutionProperties) = preSolution
		HideSolutionNode = FALSE
	EndGlobalSection
	GlobalSection(ProjectConfigurationPlatforms) = postSolution
		{C3F33B87-53F8-4147-9310-D49D2410A5F9}.Debug|Any CPU.ActiveCfg = Debug|Any CPU
		{C3F33B87-53F8-4147-9310-D49D2410A5F9}.Debug|Any CPU.Build.0 = Debug|Any CPU
		{C3F33B87-53F8-4147-9310-D49D2410A5F9}.Release|Any CPU.ActiveCfg = Release|Any CPU
		{C3F33B87-53F8-4147-9310-D49D2410A5F9}.Release|Any CPU.Build.0 = Release|Any CPU
		{7FDDF3A4-A4E1-4FBF-B72B-3E0DE253F595}.Debug|Any CPU.ActiveCfg = Debug|Any CPU
		{7FDDF3A4-A4E1-4FBF-B72B-3E0DE253F595}.Debug|Any CPU.Build.0 = Debug|Any CPU
		{7FDDF3A4-A4E1-4FBF-B72B-3E0DE253F595}.Release|Any CPU.ActiveCfg = Release|Any CPU
		{7FDDF3A4-A4E1-4FBF-B72B-3E0DE253F595}.Release|Any CPU.Build.0 = Release|Any CPU
	EndGlobalSection
EndGlobal
